lockfileVersion: '9.0'

settings:
  autoInstallPeers: true
  excludeLinksFromLockfile: false

importers:

  .:
    dependencies:
      '@shipstatic/ship':
        specifier: ^2.3.3
        version: 2.3.3

packages:

  '@shipstatic/ship@2.3.3':
    resolution: {integrity: sha512-8KLFfRfag0fiJmm1vzRRZtfbnsv2E6qqcYJ2NeJYYpQ6ntjmCKNCVLmtUSduAmqVnfdswjyVduVfAyZiXd/IQw==}
    engines: {node: '>=20.19.0'}
    hasBin: true

  junk@4.0.1:
    resolution: {integrity: sha512-Qush0uP+G8ZScpGMZvHUiRfI0YBWuB3gVBYlI0v0vvOJt5FLicco+IkP0a50LqTTQhmts/m6tP5SWE+USyIvcQ==}
    engines: {node: '>=12.20'}

  spark-md5@3.0.2:
    resolution: {integrity: sha512-wcFzz9cDfbuqe0FZzfi2or1sgyIrsDwmPwfZC4hiNidPdPINjeUwNfv5kldczoEAcjl9Y1L3SM7Uz2PUEQzxQw==}

  zod@4.4.3:
    resolution: {integrity: sha512-ytENFjIJFl2UwYglde2jchW2Hwm4GJFLDiSXWdTrJQBIN9Fcyp7n4DhxJEiWNAJMV1/BqWfW/kkg71UDcHJyTQ==}

snapshots:

  '@shipstatic/ship@2.3.3':
    dependencies:
      junk: 4.0.1
      spark-md5: 3.0.2
      zod: 4.4.3

  junk@4.0.1: {}

  spark-md5@3.0.2: {}

  zod@4.4.3: {}
